
Microsoft Visual Studio Solution File, Format Version 12.00
# Visual Studio Version 16
VisualStudioVersion = 16.0.30804.86
MinimumVisualStudioVersion = 10.0.40219.1
Project("{FAE04EC0-301F-11D3-BF4B-00C04F79EFBC}") = "HelloWorldBlazorApp", "HelloWorldBlazorApp\HelloWorldBlazorApp.csproj", "{55084106-34FE-4C70-8C9A-0B37127996B5}"
EndProject
Project("{FAE04EC0-301F-11D3-BF4B-00C04F79EFBC}") = "TodoList", "TodoList\TodoList.csproj", "{C351BD4C-F953-4D3A-BCBB-55804AC2A6B8}"
EndProject
Global
	GlobalSection(SolutionConfigurationPlatforms) = preSolution
		Debug|Any CPU = Debug|Any CPU
		Release|Any CPU = Release|Any CPU
	EndGlobalSection
	GlobalSection(ProjectConfigurationPlatforms) = postSolution
		{55084106-34FE-4C70-8C9A-0B37127996B5}.Debug|Any CPU.ActiveCfg = Debug|Any CPU
		{55084106-34FE-4C70-8C9A-0B37127996B5}.Debug|Any CPU.Build.0 = Debug|Any CPU
		{55084106-34FE-4C70-8C9A-0B37127996B5}.Release|Any CPU.ActiveCfg = Release|Any CPU
		{55084106-34FE-4C70-8C9A-0B37127996B5}.Release|Any CPU.Build.0 = Release|Any CPU
		{C351BD4C-F953-4D3A-BCBB-55804AC2A6B8}.Debug|Any CPU.ActiveCfg = Debug|Any CPU
		{C351BD4C-F953-4D3A-BCBB-55804AC2A6B8}.Debug|Any CPU.Build.0 = Debug|Any CPU
		{C351BD4C-F953-4D3A-BCBB-55804AC2A6B8}.Release|Any CPU.ActiveCfg = Release|Any CPU
		{C351BD4C-F953-4D3A-BCBB-55804AC2A6B8}.Release|Any CPU.Build.0 = Release|Any CPU
	EndGlobalSection
	GlobalSection(SolutionProperties) = preSolution
		HideSolutionNode = FALSE
	EndGlobalSection
	GlobalSection(ExtensibilityGlobals) = postSolution
		SolutionGuid = {04528A62-15C5-439F-8557-B4A60872D2F1}
	EndGlobalSection
EndGlobal
